
Microsoft Visual Studio Solution File, Format Version 12.00
Project("{FAE04EC0-301F-11D3-BF4B-00C04F79EFBC}") = "BsCOpenSearchSync.Api", "BsCOpenSearchSync.Api\BsCOpenSearchSync.Api.csproj", "{AAB268AB-1656-4E7E-9CB0-1C40C29E9E56}"
EndProject
Project("{FAE04EC0-301F-11D3-BF4B-00C04F79EFBC}") = "BsCOpenSearchSync.DataAccess", "BsCOpenSearchSync.DataAccess\BsCOpenSearchSync.DataAccess.csproj", "{61763E6E-92F0-479C-BF79-5D75D95CB473}"
EndProject
Project("{FAE04EC0-301F-11D3-BF4B-00C04F79EFBC}") = "BsCOpenSearchSync.Domain", "BsCOpenSearchSync.Domain\BsCOpenSearchSync.Domain.csproj", "{58A87806-1A09-4AE7-B961-B2DE9A29DF41}"
EndProject
Project("{FAE04EC0-301F-11D3-BF4B-00C04F79EFBC}") = "BsCOpenSearchSync.Business", "BsCOpenSearchSync.Business\BsCOpenSearchSync.Business.csproj", "{BD0E3236-33B6-4C91-95F5-58714A882A4C}"
EndProject
Project("{FAE04EC0-301F-11D3-BF4B-00C04F79EFBC}") = "BsCOpenSearchSync.Client", "BsCOpenSearchSync.Client\BsCOpenSearchSync.Client.csproj", "{24E34424-604A-497E-8170-13A08496B670}"
EndProject
Global
	GlobalSection(SolutionConfigurationPlatforms) = preSolution
		Debug|Any CPU = Debug|Any CPU
		Release|Any CPU = Release|Any CPU
	EndGlobalSection
	GlobalSection(ProjectConfigurationPlatforms) = postSolution
		{AAB268AB-1656-4E7E-9CB0-1C40C29E9E56}.Debug|Any CPU.ActiveCfg = Debug|Any CPU
		{AAB268AB-1656-4E7E-9CB0-1C40C29E9E56}.Debug|Any CPU.Build.0 = Debug|Any CPU
		{AAB268AB-1656-4E7E-9CB0-1C40C29E9E56}.Release|Any CPU.ActiveCfg = Release|Any CPU
		{AAB268AB-1656-4E7E-9CB0-1C40C29E9E56}.Release|Any CPU.Build.0 = Release|Any CPU
		{61763E6E-92F0-479C-BF79-5D75D95CB473}.Debug|Any CPU.ActiveCfg = Debug|Any CPU
		{61763E6E-92F0-479C-BF79-5D75D95CB473}.Debug|Any CPU.Build.0 = Debug|Any CPU
		{61763E6E-92F0-479C-BF79-5D75D95CB473}.Release|Any CPU.ActiveCfg = Release|Any CPU
		{61763E6E-92F0-479C-BF79-5D75D95CB473}.Release|Any CPU.Build.0 = Release|Any CPU
		{58A87806-1A09-4AE7-B961-B2DE9A29DF41}.Debug|Any CPU.ActiveCfg = Debug|Any CPU
		{58A87806-1A09-4AE7-B961-B2DE9A29DF41}.Debug|Any CPU.Build.0 = Debug|Any CPU
		{58A87806-1A09-4AE7-B961-B2DE9A29DF41}.Release|Any CPU.ActiveCfg = Release|Any CPU
		{58A87806-1A09-4AE7-B961-B2DE9A29DF41}.Release|Any CPU.Build.0 = Release|Any CPU
		{081574E6-17B0-49D0-85DA-C9A166D80DAC}.Debug|Any CPU.ActiveCfg = Debug|Any CPU
		{081574E6-17B0-49D0-85DA-C9A166D80DAC}.Debug|Any CPU.Build.0 = Debug|Any CPU
		{081574E6-17B0-49D0-85DA-C9A166D80DAC}.Release|Any CPU.ActiveCfg = Release|Any CPU
		{081574E6-17B0-49D0-85DA-C9A166D80DAC}.Release|Any CPU.Build.0 = Release|Any CPU
		{BD0E3236-33B6-4C91-95F5-58714A882A4C}.Debug|Any CPU.ActiveCfg = Debug|Any CPU
		{BD0E3236-33B6-4C91-95F5-58714A882A4C}.Debug|Any CPU.Build.0 = Debug|Any CPU
		{BD0E3236-33B6-4C91-95F5-58714A882A4C}.Release|Any CPU.ActiveCfg = Release|Any CPU
		{BD0E3236-33B6-4C91-95F5-58714A882A4C}.Release|Any CPU.Build.0 = Release|Any CPU
		{24E34424-604A-497E-8170-13A08496B670}.Debug|Any CPU.ActiveCfg = Debug|Any CPU
		{24E34424-604A-497E-8170-13A08496B670}.Debug|Any CPU.Build.0 = Debug|Any CPU
		{24E34424-604A-497E-8170-13A08496B670}.Release|Any CPU.ActiveCfg = Release|Any CPU
		{24E34424-604A-497E-8170-13A08496B670}.Release|Any CPU.Build.0 = Release|Any CPU
	EndGlobalSection
EndGlobal
